// !$*UTF8*$!
{
	archiveVersion = 1;
	classes = {
	};
	objectVersion = 46;
	objects = {

/* Begin PBXBuildFile section */
		4D49F4AA37676F5FE70D7F96 /* Pods_OKCTest.framework in Frameworks */ = {isa = PBXBuildFile; fileRef = 3AF7C074BD08AB5D685D13D6 /* Pods_OKCTest.framework */; };
		7AD4BD011DB94CAB00CAA7BA /* AppDelegate.swift in Sources */ = {isa = PBXBuildFile; fileRef = 7AD4BD001DB94CAB00CAA7BA /* AppDelegate.swift */; };
		7AD4BD031DB94CAB00CAA7BA /* ViewController.swift in Sources */ = {isa = PBXBuildFile; fileRef = 7AD4BD021DB94CAB00CAA7BA /* ViewController.swift */; };
		7AD4BD061DB94CAB00CAA7BA /* Main.storyboard in Resources */ = {isa = PBXBuildFile; fileRef = 7AD4BD041DB94CAB00CAA7BA /* Main.storyboard */; };
		7AD4BD081DB94CAB00CAA7BA /* Assets.xcassets in Resources */ = {isa = PBXBuildFile; fileRef = 7AD4BD071DB94CAB00CAA7BA /* Assets.xcassets */; };
		7AD4BD0B1DB94CAB00CAA7BA /* LaunchScreen.storyboard in Resources */ = {isa = PBXBuildFile; fileRef = 7AD4BD091DB94CAB00CAA7BA /* LaunchScreen.storyboard */; };
/* End PBXBuildFile section */

/* Begin PBXFileReference section */
		3AF7C074BD08AB5D685D13D6 /* Pods_OKCTest.framework */ = {isa = PBXFileReference; explicitFileType = wrapper.framework; includeInIndex = 0; path = Pods_OKCTest.framework; sourceTree = BUILT_PRODUCTS_DIR; };
		58350396F03A52B90705BD79 /* Pods-OKCTest.debug.xcconfig */ = {isa = PBXFileReference; includeInIndex = 1; lastKnownFileType = text.xcconfig; name = "Pods-OKCTest.debug.xcconfig"; path = "Pods/Target Support Files/Pods-OKCTest/Pods-OKCTest.debug.xcconfig"; sourceTree = "<group>"; };
		7AD4BCFD1DB94CAB00CAA7BA /* OKCTest.app */ = {isa = PBXFileReference; explicitFileType = wrapper.application; includeInIndex = 0; path = OKCTest.app; sourceTree = BUILT_PRODUCTS_DIR; };
		7AD4BD001DB94CAB00CAA7BA /* AppDelegate.swift */ = {isa = PBXFileReference; lastKnownFileType = sourcecode.swift; path = AppDelegate.swift; sourceTree = "<group>"; };
		7AD4BD021DB94CAB00CAA7BA /* ViewController.swift */ = {isa = PBXFileReference; lastKnownFileType = sourcecode.swift; path = ViewController.swift; sourceTree = "<group>"; };
		7AD4BD051DB94CAB00CAA7BA /* Base */ = {isa = PBXFileReference; lastKnownFileType = file.storyboard; name = Base; path = Base.lproj/Main.storyboard; sourceTree = "<group>"; };
		7AD4BD071DB94CAB00CAA7BA /* Assets.xcassets */ = {isa = PBXFileReference; lastKnownFileType = folder.assetcatalog; path = Assets.xcassets; sourceTree = "<group>"; };
		7AD4BD0A1DB94CAB00CAA7BA /* Base */ = {isa = PBXFileReference; lastKnownFileType = file.storyboard; name = Base; path = Base.lproj/LaunchScreen.storyboard; sourceTree = "<group>"; };
		7AD4BD0C1DB94CAB00CAA7BA /* Info.plist */ = {isa = PBXFileReference; lastKnownFileType = text.plist.xml; path = Info.plist; sourceTree = "<group>"; };
		EA09FAB221FFFA1E1A2F3725 /* Pods-OKCTest.release.xcconfig */ = {isa = PBXFileReference; includeInIndex = 1; lastKnownFileType = text.xcconfig; name = "Pods-OKCTest.release.xcconfig"; path = "Pods/Target Support Files/Pods-OKCTest/Pods-OKCTest.release.xcconfig"; sourceTree = "<group>"; };
/* End PBXFileReference section */

/* Begin PBXFrameworksBuildPhase section */
		7AD4BCFA1DB94CAB00CAA7BA /* Frameworks */ = {
			isa = PBXFrameworksBuildPhase;
			buildActionMask = 2147483647;
			files = (
				4D49F4AA37676F5FE70D7F96 /* Pods_OKCTest.framework in Frameworks */,
			);
			runOnlyForDeploymentPostprocessing = 0;
		};
/* End PBXFrameworksBuildPhase section */

/* Begin PBXGroup section */
		46A7D82AAEA51E585A8BAD90 /* Frameworks */ = {
			isa = PBXGroup;
			children = (
				3AF7C074BD08AB5D685D13D6 /* Pods_OKCTest.framework */,
			);
			name = Frameworks;
			sourceTree = "<group>";
		};
		7AD4BCF41DB94CAB00CAA7BA = {
			isa = PBXGroup;
			children = (
				7AD4BCFF1DB94CAB00CAA7BA /* OKCTest */,
				7AD4BCFE1DB94CAB00CAA7BA /* Products */,
				F1114B36C85C799B84DEABF6 /* Pods */,
				46A7D82AAEA51E585A8BAD90 /* Frameworks */,
			);
			sourceTree = "<group>";
		};
		7AD4BCFE1DB94CAB00CAA7BA /* Products */ = {
			isa = PBXGroup;
			children = (
				7AD4BCFD1DB94CAB00CAA7BA /* OKCTest.app */,
			);
			name = Products;
			sourceTree = "<group>";
		};
		7AD4BCFF1DB94CAB00CAA7BA /* OKCTest */ = {
			isa = PBXGroup;
			children = (
				7AD4BD001DB94CAB00CAA7BA /* AppDelegate.swift */,
				7AD4BD021DB94CAB00CAA7BA /* ViewController.swift */,
				7AD4BD041DB94CAB00CAA7BA /* Main.storyboard */,
				7AD4BD071DB94CAB00CAA7BA /* Assets.xcassets */,
				7AD4BD091DB94CAB00CAA7BA /* LaunchScreen.storyboard */,
				7AD4BD0C1DB94CAB00CAA7BA /* Info.plist */,
			);
			path = OKCTest;
			sourceTree = "<group>";
		};
		F1114B36C85C799B84DEABF6 /* Pods */ = {
			isa = PBXGroup;
			children = (
				58350396F03A52B90705BD79 /* Pods-OKCTest.debug.xcconfig */,
				EA09FAB221FFFA1E1A2F3725 /* Pods-OKCTest.release.xcconfig */,
			);
			name = Pods;
			sourceTree = "<group>";
		};
/* End PBXGroup section */

/* Begin PBXNativeTarget section */
		7AD4BCFC1DB94CAB00CAA7BA /* OKCTest */ = {
			isa = PBXNativeTarget;
			buildConfigurationList = 7AD4BD0F1DB94CAB00CAA7BA /* Build configuration list for PBXNativeTarget "OKCTest" */;
			buildPhases = (
				138C9C4A3D211A664202B531 /* [CP] Check Pods Manifest.lock */,
				7AD4BCF91DB94CAB00CAA7BA /* Sources */,
				7AD4BCFA1DB94CAB00CAA7BA /* Frameworks */,
				7AD4BCFB1DB94CAB00CAA7BA /* Resources */,
				8DFB3947EE6AC61EEE3AE8D4 /* [CP] Embed Pods Frameworks */,
				D219F38B2F4869370638C017 /* [CP] Copy Pods Resources */,
			);
			buildRules = (
			);
			dependencies = (
			);
			name = OKCTest;
			productName = OKCTest;
			productReference = 7AD4BCFD1DB94CAB00CAA7BA /* OKCTest.app */;
			productType = "com.apple.product-type.application";
		};
/* End PBXNativeTarget section */

/* Begin PBXProject section */
		7AD4BCF51DB94CAB00CAA7BA /* Project object */ = {
			isa = PBXProject;
			attributes = {
				LastSwiftUpdateCheck = 0800;
				LastUpgradeCheck = 0800;
				ORGANIZATIONNAME = "Corey Zanotti";
				TargetAttributes = {
					7AD4BCFC1DB94CAB00CAA7BA = {
						CreatedOnToolsVersion = 8.0;
						DevelopmentTeam = PND8ZPJHLJ;
						ProvisioningStyle = Automatic;
					};
				};
			};
			buildConfigurationList = 7AD4BCF81DB94CAB00CAA7BA /* Build configuration list for PBXProject "OKCTest" */;
			compatibilityVersion = "Xcode 3.2";
			developmentRegion = English;
			hasScannedForEncodings = 0;
			knownRegions = (
				en,
				Base,
			);
			mainGroup = 7AD4BCF41DB94CAB00CAA7BA;
			productRefGroup = 7AD4BCFE1DB94CAB00CAA7BA /* Products */;
			projectDirPath = "";
			projectRoot = "";
			targets = (
				7AD4BCFC1DB94CAB00CAA7BA /* OKCTest */,
			);
		};
/* End PBXProject section */

/* Begin PBXResourcesBuildPhase section */
		7AD4BCFB1DB94CAB00CAA7BA /* Resources */ = {
			isa = PBXResourcesBuildPhase;
			buildActionMask = 2147483647;
			files = (
				7AD4BD0B1DB94CAB00CAA7BA /* LaunchScreen.storyboard in Resources */,
				7AD4BD081DB94CAB00CAA7BA /* Assets.xcassets in Resources */,
				7AD4BD061DB94CAB00CAA7BA /* Main.storyboard in Resources */,
			);
			runOnlyForDeploymentPostprocessing = 0;
		};
/* End PBXResourcesBuildPhase section */

/* Begin PBXShellScriptBuildPhase section */
		138C9C4A3D211A664202B531 /* [CP] Check Pods Manifest.lock */ = {
			isa = PBXShellScriptBuildPhase;
			buildActionMask = 2147483647;
			files = (
			);
			inputPaths = (
			);
			name = "[CP] Check Pods Manifest.lock";
			outputPaths = (
			);
			runOnlyForDeploymentPostprocessing = 0;
			shellPath = /bin/sh;
			shellScript = "diff \"${PODS_ROOT}/../Podfile.lock\" \"${PODS_ROOT}/Manifest.lock\" > /dev/null\nif [[ $? != 0 ]] ; then\n    cat << EOM\nerror: The sandbox is not in sync with the Podfile.lock. Run 'pod install' or update your CocoaPods installation.\nEOM\n    exit 1\nfi\n";
			showEnvVarsInLog = 0;
		};
		8DFB3947EE6AC61EEE3AE8D4 /* [CP] Embed Pods Frameworks */ = {
			isa = PBXShellScriptBuildPhase;
			buildActionMask = 2147483647;
			files = (
			);
			inputPaths = (
			);
			name = "[CP] Embed Pods Frameworks";
			outputPaths = (
			);
			runOnlyForDeploymentPostprocessing = 0;
			shellPath = /bin/sh;
			shellScript = "\"${SRCROOT}/Pods/Target Support Files/Pods-OKCTest/Pods-OKCTest-frameworks.sh\"\n";
			showEnvVarsInLog = 0;
		};
		D219F38B2F4869370638C017 /* [CP] Copy Pods Resources */ = {
			isa = PBXShellScriptBuildPhase;
			buildActionMask = 2147483647;
			files = (
			);
			inputPaths = (
			);
			name = "[CP] Copy Pods Resources";
			outputPaths = (
			);
			runOnlyForDeploymentPostprocessing = 0;
			shellPath = /bin/sh;
			shellScript = "\"${SRCROOT}/Pods/Target Support Files/Pods-OKCTest/Pods-OKCTest-resources.sh\"\n";
			showEnvVarsInLog = 0;
		};
/* End PBXShellScriptBuildPhase section */

/* Begin PBXSourcesBuildPhase section */
		7AD4BCF91DB94CAB00CAA7BA /* Sources */ = {
			isa = PBXSourcesBuildPhase;
			buildActionMask = 2147483647;
			files = (
				7AD4BD031DB94CAB00CAA7BA /* ViewController.swift in Sources */,
				7AD4BD011DB94CAB00CAA7BA /* AppDelegate.swift in Sources */,
			);
			runOnlyForDeploymentPostprocessing = 0;
		};
/* End PBXSourcesBuildPhase section */

/* Begin PBXVariantGroup section */
		7AD4BD041DB94CAB00CAA7BA /* Main.storyboard */ = {
			isa = PBXVariantGroup;
			children = (
				7AD4BD051DB94CAB00CAA7BA /* Base */,
			);
			name = Main.storyboard;
			sourceTree = "<group>";
		};
		7AD4BD091DB94CAB00CAA7BA /* LaunchScreen.storyboard */ = {
			isa = PBXVariantGroup;
			children = (
				7AD4BD0A1DB94CAB00CAA7BA /* Base */,
			);
			name = LaunchScreen.storyboard;
			sourceTree = "<group>";
		};
/* End PBXVariantGroup section */

/* Begin XCBuildConfiguration section */
		7AD4BD0D1DB94CAB00CAA7BA /* Debug */ = {
			isa = XCBuildConfiguration;
			buildSettings = {
				ALWAYS_SEARCH_USER_PATHS = NO;
				CLANG_ANALYZER_NONNULL = YES;
				CLANG_CXX_LANGUAGE_STANDARD = "gnu++0x";
				CLANG_CXX_LIBRARY = "libc++";
				CLANG_ENABLE_MODULES = YES;
				CLANG_ENABLE_OBJC_ARC = YES;
				CLANG_WARN_BOOL_CONVERSION = YES;
				CLANG_WARN_CONSTANT_CONVERSION = YES;
				CLANG_WARN_DIRECT_OBJC_ISA_USAGE = YES_ERROR;
				CLANG_WARN_DOCUMENTATION_COMMENTS = YES;
				CLANG_WARN_EMPTY_BODY = YES;
				CLANG_WARN_ENUM_CONVERSION = YES;
				CLANG_WARN_INFINITE_RECURSION = YES;
				CLANG_WARN_INT_CONVERSION = YES;
				CLANG_WARN_OBJC_ROOT_CLASS = YES_ERROR;
				CLANG_WARN_SUSPICIOUS_MOVES = YES;
				CLANG_WARN_UNREACHABLE_CODE = YES;
				CLANG_WARN__DUPLICATE_METHOD_MATCH = YES;
				"CODE_SIGN_IDENTITY[sdk=iphoneos*]" = "iPhone Developer";
				COPY_PHASE_STRIP = NO;
				DEBUG_INFORMATION_FORMAT = dwarf;
				ENABLE_STRICT_OBJC_MSGSEND = YES;
				ENABLE_TESTABILITY = YES;
				GCC_C_LANGUAGE_STANDARD = gnu99;
				GCC_DYNAMIC_NO_PIC = NO;
				GCC_NO_COMMON_BLOCKS = YES;
				GCC_OPTIMIZATION_LEVEL = 0;
				GCC_PREPROCESSOR_DEFINITIONS = (
					"DEBUG=1",
					"$(inherited)",
				);
				GCC_WARN_64_TO_32_BIT_CONVERSION = YES;
				GCC_WARN_ABOUT_RETURN_TYPE = YES_ERROR;
				GCC_WARN_UNDECLARED_SELECTOR = YES;
				GCC_WARN_UNINITIALIZED_AUTOS = YES_AGGRESSIVE;
				GCC_WARN_UNUSED_FUNCTION = YES;
				GCC_WARN_UNUSED_VARIABLE = YES;
				IPHONEOS_DEPLOYMENT_TARGET = 10.0;
				MTL_ENABLE_DEBUG_INFO = YES;
				ONLY_ACTIVE_ARCH = YES;
				SDKROOT = iphoneos;
				SWIFT_ACTIVE_COMPILATION_CONDITIONS = DEBUG;
				SWIFT_OPTIMIZATION_LEVEL = "-Onone";
			};
			name = Debug;
		};
		7AD4BD0E1DB94CAB00CAA7BA /* Release */ = {
			isa = XCBuildConfiguration;
			buildSettings = {
				ALWAYS_SEARCH_USER_PATHS = NO;
				CLANG_ANALYZER_NONNULL = YES;
				CLANG_CXX_LANGUAGE_STANDARD = "gnu++0x";
				CLANG_CXX_LIBRARY = "libc++";
				CLANG_ENABLE_MODULES = YES;
				CLANG_ENABLE_OBJC_ARC = YES;
				CLANG_WARN_BOOL_CONVERSION = YES;
				CLANG_WARN_CONSTANT_CONVERSION = YES;
				CLANG_WARN_DIRECT_OBJC_ISA_USAGE = YES_ERROR;
				CLANG_WARN_DOCUMENTATION_COMMENTS = YES;
				CLANG_WARN_EMPTY_BODY = YES;
				CLANG_WARN_ENUM_CONVERSION = YES;
				CLANG_WARN_INFINITE_RECURSION = YES;
				CLANG_WARN_INT_CONVERSION = YES;
				CLANG_WARN_OBJC_ROOT_CLASS = YES_ERROR;
				CLANG_WARN_SUSPICIOUS_MOVES = YES;
				CLANG_WARN_UNREACHABLE_CODE = YES;
				CLANG_WARN__DUPLICATE_METHOD_MATCH = YES;
				"CODE_SIGN_IDENTITY[sdk=iphoneos*]" = "iPhone Developer";
				COPY_PHASE_STRIP = NO;
				DEBUG_INFORMATION_FORMAT = "dwarf-with-dsym";
				ENABLE_NS_ASSERTIONS = NO;
				ENABLE_STRICT_OBJC_MSGSEND = YES;
				GCC_C_LANGUAGE_STANDARD = gnu99;
				GCC_NO_COMMON_BLOCKS = YES;
				GCC_WARN_64_TO_32_BIT_CONVERSION = YES;
				GCC_WARN_ABOUT_RETURN_TYPE = YES_ERROR;
				GCC_WARN_UNDECLARED_SELECTOR = YES;
				GCC_WARN_UNINITIALIZED_AUTOS = YES_AGGRESSIVE;
				GCC_WARN_UNUSED_FUNCTION = YES;
				GCC_WARN_UNUSED_VARIABLE = YES;
				IPHONEOS_DEPLOYMENT_TARGET = 10.0;
				MTL_ENABLE_DEBUG_INFO = NO;
				SDKROOT = iphoneos;
				SWIFT_OPTIMIZATION_LEVEL = "-Owholemodule";
				VALIDATE_PRODUCT = YES;
			};
			name = Release;
		};
		7AD4BD101DB94CAB00CAA7BA /* Debug */ = {
			isa = XCBuildConfiguration;
			baseConfigurationReference = 58350396F03A52B90705BD79 /* Pods-OKCTest.debug.xcconfig */;
			buildSettings = {
				ASSETCATALOG_COMPILER_APPICON_NAME = AppIcon;
				DEVELOPMENT_TEAM = PND8ZPJHLJ;
				INFOPLIST_FILE = OKCTest/Info.plist;
				LD_RUNPATH_SEARCH_PATHS = "$(inherited) @executable_path/Frameworks";
				PRODUCT_BUNDLE_IDENTIFIER = coreyTheDev.OKCTest;
				PRODUCT_NAME = "$(TARGET_NAME)";
				SWIFT_VERSION = 3.0;
			};
			name = Debug;
		};
		7AD4BD111DB94CAB00CAA7BA /* Release */ = {
			isa = XCBuildConfiguration;
			baseConfigurationReference = EA09FAB221FFFA1E1A2F3725 /* Pods-OKCTest.release.xcconfig */;
			buildSettings = {
				ASSETCATALOG_COMPILER_APPICON_NAME = AppIcon;
				DEVELOPMENT_TEAM = PND8ZPJHLJ;
				INFOPLIST_FILE = OKCTest/Info.plist;
				LD_RUNPATH_SEARCH_PATHS = "$(inherited) @executable_path/Frameworks";
				PRODUCT_BUNDLE_IDENTIFIER = coreyTheDev.OKCTest;
				PRODUCT_NAME = "$(TARGET_NAME)";
				SWIFT_VERSION = 3.0;
			};
			name = Release;
		};
/* End XCBuildConfiguration section */

/* Begin XCConfigurationList section */
		7AD4BCF81DB94CAB00CAA7BA /* Build configuration list for PBXProject "OKCTest" */ = {
			isa = XCConfigurationList;
			buildConfigurations = (
				7AD4BD0D1DB94CAB00CAA7BA /* Debug */,
				7AD4BD0E1DB94CAB00CAA7BA /* Release */,
			);
			defaultConfigurationIsVisible = 0;
			defaultConfigurationName = Release;
		};
		7AD4BD0F1DB94CAB00CAA7BA /* Build configuration list for PBXNativeTarget "OKCTest" */ = {
			isa = XCConfigurationList;
			buildConfigurations = (
				7AD4BD101DB94CAB00CAA7BA /* Debug */,
				7AD4BD111DB94CAB00CAA7BA /* Release */,
			);
			defaultConfigurationIsVisible = 0;
			defaultConfigurationName = Release;
		};
/* End XCConfigurationList section */
	};
	rootObject = 7AD4BCF51DB94CAB00CAA7BA /* Project object */;
}
